// !$*UTF8*$!
{
	archiveVersion = 1;
	classes = {
	};
	objectVersion = 77;
	objects = {

/* Begin PBXBuildFile section */
		802BB3ED7E16F0BBA3B08417 /* TimeZones.plist in Resources */ = {isa = PBXBuildFile; fileRef = C6A250B18BA5BE538CF3F50A /* TimeZones.plist */; };
		84D67A9ADEA2EEC3D6785EA4 /* AppDelegate.swift in Sources */ = {isa = PBXBuildFile; fileRef = 80C6718EACDC968A69ADE736 /* AppDelegate.swift */; };
		AEB089726C54C74794F354BF /* StatusBarController.swift in Sources */ = {isa = PBXBuildFile; fileRef = 004F844CF5500F0F3A34223A /* StatusBarController.swift */; };
		CBF3946EB2B1C95D43C22D09 /* main.swift in Sources */ = {isa = PBXBuildFile; fileRef = B4B5A6736116E5DD5F72E0E7 /* main.swift */; };
		D72EA8A5698F5F2CD903131C /* TimeZoneManager.swift in Sources */ = {isa = PBXBuildFile; fileRef = 2095157139BC50D190DAC5BD /* TimeZoneManager.swift */; };
/* End PBXBuildFile section */

/* Begin PBXFileReference section */
		004F844CF5500F0F3A34223A /* StatusBarController.swift */ = {isa = PBXFileReference; lastKnownFileType = sourcecode.swift; path = StatusBarController.swift; sourceTree = "<group>"; };
		2095157139BC50D190DAC5BD /* TimeZoneManager.swift */ = {isa = PBXFileReference; lastKnownFileType = sourcecode.swift; path = TimeZoneManager.swift; sourceTree = "<group>"; };
		69167D5E6D413E605C91D82A /* TimeMenubar.app */ = {isa = PBXFileReference; explicitFileType = wrapper.application; includeInIndex = 0; path = TimeMenubar.app; sourceTree = BUILT_PRODUCTS_DIR; };
		80C6718EACDC968A69ADE736 /* AppDelegate.swift */ = {isa = PBXFileReference; lastKnownFileType = sourcecode.swift; path = AppDelegate.swift; sourceTree = "<group>"; };
		B4B5A6736116E5DD5F72E0E7 /* main.swift */ = {isa = PBXFileReference; lastKnownFileType = sourcecode.swift; path = main.swift; sourceTree = "<group>"; };
		C6A250B18BA5BE538CF3F50A /* TimeZones.plist */ = {isa = PBXFileReference; lastKnownFileType = text.plist; path = TimeZones.plist; sourceTree = "<group>"; };
		D3F7C9720E467B14F80D1C7C /* Info.plist */ = {isa = PBXFileReference; lastKnownFileType = text.plist; path = Info.plist; sourceTree = "<group>"; };
/* End PBXFileReference section */

/* Begin PBXGroup section */
		4DBD877A4FAB3258195B91CA /* Products */ = {
			isa = PBXGroup;
			children = (
				69167D5E6D413E605C91D82A /* TimeMenubar.app */,
			);
			name = Products;
			sourceTree = "<group>";
		};
		995B0498EBF301F3B0EAB9AC /* Sources */ = {
			isa = PBXGroup;
			children = (
				80C6718EACDC968A69ADE736 /* AppDelegate.swift */,
				D3F7C9720E467B14F80D1C7C /* Info.plist */,
				B4B5A6736116E5DD5F72E0E7 /* main.swift */,
				004F844CF5500F0F3A34223A /* StatusBarController.swift */,
				2095157139BC50D190DAC5BD /* TimeZoneManager.swift */,
				9B52BE9748AABC425AF1F927 /* Resources */,
			);
			path = Sources;
			sourceTree = "<group>";
		};
		9B52BE9748AABC425AF1F927 /* Resources */ = {
			isa = PBXGroup;
			children = (
				C6A250B18BA5BE538CF3F50A /* TimeZones.plist */,
			);
			path = Resources;
			sourceTree = "<group>";
		};
		EEF89C68575D4B3E958CE959 = {
			isa = PBXGroup;
			children = (
				995B0498EBF301F3B0EAB9AC /* Sources */,
				4DBD877A4FAB3258195B91CA /* Products */,
			);
			sourceTree = "<group>";
		};
/* End PBXGroup section */

/* Begin PBXNativeTarget section */
		B81DC74680B3FA0D54280C05 /* TimeMenubar */ = {
			isa = PBXNativeTarget;
			buildConfigurationList = 52848CFC0E388AF0849053B3 /* Build configuration list for PBXNativeTarget "TimeMenubar" */;
			buildPhases = (
				97ACBA360F3ECD1ACE377EE7 /* Sources */,
				CA1468BB7AF4BF385B0C964D /* Resources */,
			);
			buildRules = (
			);
			dependencies = (
			);
			name = TimeMenubar;
			packageProductDependencies = (
			);
			productName = TimeMenubar;
			productReference = 69167D5E6D413E605C91D82A /* TimeMenubar.app */;
			productType = "com.apple.product-type.application";
		};
/* End PBXNativeTarget section */

/* Begin PBXProject section */
		6032DEC4B382F27FA5BD5D38 /* Project object */ = {
			isa = PBXProject;
			attributes = {
				BuildIndependentTargetsInParallel = YES;
				LastUpgradeCheck = 1500;
				TargetAttributes = {
					B81DC74680B3FA0D54280C05 = {
						DevelopmentTeam = "";
						ProvisioningStyle = Manual;
					};
				};
			};
			buildConfigurationList = 6FA49C1576AA58B6AE45F5C1 /* Build configuration list for PBXProject "TimeMenubar" */;
			developmentRegion = en;
			hasScannedForEncodings = 0;
			knownRegions = (
				Base,
				en,
			);
			mainGroup = EEF89C68575D4B3E958CE959;
			minimizedProjectReferenceProxies = 1;
			preferredProjectObjectVersion = 77;
			productRefGroup = 4DBD877A4FAB3258195B91CA /* Products */;
			projectDirPath = "";
			projectRoot = "";
			targets = (
				B81DC74680B3FA0D54280C05 /* TimeMenubar */,
			);
		};
/* End PBXProject section */

/* Begin PBXResourcesBuildPhase section */
		CA1468BB7AF4BF385B0C964D /* Resources */ = {
			isa = PBXResourcesBuildPhase;
			buildActionMask = 2147483647;
			files = (
				802BB3ED7E16F0BBA3B08417 /* TimeZones.plist in Resources */,
			);
			runOnlyForDeploymentPostprocessing = 0;
		};
/* End PBXResourcesBuildPhase section */

/* Begin PBXSourcesBuildPhase section */
		97ACBA360F3ECD1ACE377EE7 /* Sources */ = {
			isa = PBXSourcesBuildPhase;
			buildActionMask = 2147483647;
			files = (
				84D67A9ADEA2EEC3D6785EA4 /* AppDelegate.swift in Sources */,
				AEB089726C54C74794F354BF /* StatusBarController.swift in Sources */,
				D72EA8A5698F5F2CD903131C /* TimeZoneManager.swift in Sources */,
				CBF3946EB2B1C95D43C22D09 /* main.swift in Sources */,
			);
			runOnlyForDeploymentPostprocessing = 0;
		};
/* End PBXSourcesBuildPhase section */

/* Begin XCBuildConfiguration section */
		07165C6D8FD7DE313DD988C3 /* Release */ = {
			isa = XCBuildConfiguration;
			buildSettings = {
				ALWAYS_SEARCH_USER_PATHS = NO;
				CLANG_ANALYZER_NONNULL = YES;
				CLANG_ANALYZER_NUMBER_OBJECT_CONVERSION = YES_AGGRESSIVE;
				CLANG_CXX_LANGUAGE_STANDARD = "gnu++14";
				CLANG_CXX_LIBRARY = "libc++";
				CLANG_ENABLE_MODULES = YES;
				CLANG_ENABLE_OBJC_ARC = YES;
				CLANG_ENABLE_OBJC_WEAK = YES;
				CLANG_WARN_BLOCK_CAPTURE_AUTORELEASING = YES;
				CLANG_WARN_BOOL_CONVERSION = YES;
				CLANG_WARN_COMMA = YES;
				CLANG_WARN_CONSTANT_CONVERSION = YES;
				CLANG_WARN_DEPRECATED_OBJC_IMPLEMENTATIONS = YES;
				CLANG_WARN_DIRECT_OBJC_ISA_USAGE = YES_ERROR;
				CLANG_WARN_DOCUMENTATION_COMMENTS = YES;
				CLANG_WARN_EMPTY_BODY = YES;
				CLANG_WARN_ENUM_CONVERSION = YES;
				CLANG_WARN_INFINITE_RECURSION = YES;
				CLANG_WARN_INT_CONVERSION = YES;
				CLANG_WARN_NON_LITERAL_NULL_CONVERSION = YES;
				CLANG_WARN_OBJC_IMPLICIT_RETAIN_SELF = YES;
				CLANG_WARN_OBJC_LITERAL_CONVERSION = YES;
				CLANG_WARN_OBJC_ROOT_CLASS = YES_ERROR;
				CLANG_WARN_QUOTED_INCLUDE_IN_FRAMEWORK_HEADER = YES;
				CLANG_WARN_RANGE_LOOP_ANALYSIS = YES;
				CLANG_WARN_STRICT_PROTOTYPES = YES;
				CLANG_WARN_SUSPICIOUS_MOVE = YES;
				CLANG_WARN_UNGUARDED_AVAILABILITY = YES_AGGRESSIVE;
				CLANG_WARN_UNREACHABLE_CODE = YES;
				CLANG_WARN__DUPLICATE_METHOD_MATCH = YES;
				CODE_SIGN_IDENTITY = "-";
				CODE_SIGN_STYLE = Manual;
				COPY_PHASE_STRIP = NO;
				CURRENT_PROJECT_VERSION = 1;
				DEBUG_INFORMATION_FORMAT = "dwarf-with-dsym";
				DEVELOPMENT_TEAM = "";
				ENABLE_NS_ASSERTIONS = NO;
				ENABLE_STRICT_OBJC_MSGSEND = YES;
				GCC_C_LANGUAGE_STANDARD = gnu11;
				GCC_NO_COMMON_BLOCKS = YES;
				GCC_WARN_64_TO_32_BIT_CONVERSION = YES;
				GCC_WARN_ABOUT_RETURN_TYPE = YES_ERROR;
				GCC_WARN_UNDECLARED_SELECTOR = YES;
				GCC_WARN_UNINITIALIZED_AUTOS = YES_AGGRESSIVE;
				GCC_WARN_UNUSED_FUNCTION = YES;
				GCC_WARN_UNUSED_VARIABLE = YES;
				MACOSX_DEPLOYMENT_TARGET = 12.0;
				MARKETING_VERSION = 1.0.0;
				MTL_ENABLE_DEBUG_INFO = NO;
				MTL_FAST_MATH = YES;
				PRODUCT_NAME = TimeMenubar;
				SDKROOT = macosx;
				SWIFT_COMPILATION_MODE = wholemodule;
				SWIFT_OPTIMIZATION_LEVEL = "-O";
				SWIFT_VERSION = 5.9;
			};
			name = Release;
		};
		15E9A6409E50B19988E186D9 /* Debug */ = {
			isa = XCBuildConfiguration;
			buildSettings = {
				ASSETCATALOG_COMPILER_APPICON_NAME = AppIcon;
				COMBINE_HIDPI_IMAGES = YES;
				INFOPLIST_FILE = Sources/Info.plist;
				LD_RUNPATH_SEARCH_PATHS = "@executable_path/../Frameworks";
				PRODUCT_BUNDLE_IDENTIFIER = com.example.TimeMenubar;
				SDKROOT = macosx;
			};
			name = Debug;
		};
		A40E21588FE00CAE33135BC6 /* Release */ = {
			isa = XCBuildConfiguration;
			buildSettings = {
				ASSETCATALOG_COMPILER_APPICON_NAME = AppIcon;
				COMBINE_HIDPI_IMAGES = YES;
				INFOPLIST_FILE = Sources/Info.plist;
				LD_RUNPATH_SEARCH_PATHS = "@executable_path/../Frameworks";
				PRODUCT_BUNDLE_IDENTIFIER = com.example.TimeMenubar;
				SDKROOT = macosx;
			};
			name = Release;
		};
		EACE207027B5F36BA06D43BD /* Debug */ = {
			isa = XCBuildConfiguration;
			buildSettings = {
				ALWAYS_SEARCH_USER_PATHS = NO;
				CLANG_ANALYZER_NONNULL = YES;
				CLANG_ANALYZER_NUMBER_OBJECT_CONVERSION = YES_AGGRESSIVE;
				CLANG_CXX_LANGUAGE_STANDARD = "gnu++14";
				CLANG_CXX_LIBRARY = "libc++";
				CLANG_ENABLE_MODULES = YES;
				CLANG_ENABLE_OBJC_ARC = YES;
				CLANG_ENABLE_OBJC_WEAK = YES;
				CLANG_WARN_BLOCK_CAPTURE_AUTORELEASING = YES;
				CLANG_WARN_BOOL_CONVERSION = YES;
				CLANG_WARN_COMMA = YES;
				CLANG_WARN_CONSTANT_CONVERSION = YES;
				CLANG_WARN_DEPRECATED_OBJC_IMPLEMENTATIONS = YES;
				CLANG_WARN_DIRECT_OBJC_ISA_USAGE = YES_ERROR;
				CLANG_WARN_DOCUMENTATION_COMMENTS = YES;
				CLANG_WARN_EMPTY_BODY = YES;
				CLANG_WARN_ENUM_CONVERSION = YES;
				CLANG_WARN_INFINITE_RECURSION = YES;
				CLANG_WARN_INT_CONVERSION = YES;
				CLANG_WARN_NON_LITERAL_NULL_CONVERSION = YES;
				CLANG_WARN_OBJC_IMPLICIT_RETAIN_SELF = YES;
				CLANG_WARN_OBJC_LITERAL_CONVERSION = YES;
				CLANG_WARN_OBJC_ROOT_CLASS = YES_ERROR;
				CLANG_WARN_QUOTED_INCLUDE_IN_FRAMEWORK_HEADER = YES;
				CLANG_WARN_RANGE_LOOP_ANALYSIS = YES;
				CLANG_WARN_STRICT_PROTOTYPES = YES;
				CLANG_WARN_SUSPICIOUS_MOVE = YES;
				CLANG_WARN_UNGUARDED_AVAILABILITY = YES_AGGRESSIVE;
				CLANG_WARN_UNREACHABLE_CODE = YES;
				CLANG_WARN__DUPLICATE_METHOD_MATCH = YES;
				CODE_SIGN_IDENTITY = "-";
				CODE_SIGN_STYLE = Manual;
				COPY_PHASE_STRIP = NO;
				CURRENT_PROJECT_VERSION = 1;
				DEBUG_INFORMATION_FORMAT = dwarf;
				DEVELOPMENT_TEAM = "";
				ENABLE_STRICT_OBJC_MSGSEND = YES;
				ENABLE_TESTABILITY = YES;
				GCC_C_LANGUAGE_STANDARD = gnu11;
				GCC_DYNAMIC_NO_PIC = NO;
				GCC_NO_COMMON_BLOCKS = YES;
				GCC_OPTIMIZATION_LEVEL = 0;
				GCC_PREPROCESSOR_DEFINITIONS = (
					"$(inherited)",
					"DEBUG=1",
				);
				GCC_WARN_64_TO_32_BIT_CONVERSION = YES;
				GCC_WARN_ABOUT_RETURN_TYPE = YES_ERROR;
				GCC_WARN_UNDECLARED_SELECTOR = YES;
				GCC_WARN_UNINITIALIZED_AUTOS = YES_AGGRESSIVE;
				GCC_WARN_UNUSED_FUNCTION = YES;
				GCC_WARN_UNUSED_VARIABLE = YES;
				MACOSX_DEPLOYMENT_TARGET = 12.0;
				MARKETING_VERSION = 1.0.0;
				MTL_ENABLE_DEBUG_INFO = INCLUDE_SOURCE;
				MTL_FAST_MATH = YES;
				ONLY_ACTIVE_ARCH = YES;
				PRODUCT_NAME = TimeMenubar;
				SDKROOT = macosx;
				SWIFT_ACTIVE_COMPILATION_CONDITIONS = DEBUG;
				SWIFT_OPTIMIZATION_LEVEL = "-Onone";
				SWIFT_VERSION = 5.9;
			};
			name = Debug;
		};
/* End XCBuildConfiguration section */

/* Begin XCConfigurationList section */
		52848CFC0E388AF0849053B3 /* Build configuration list for PBXNativeTarget "TimeMenubar" */ = {
			isa = XCConfigurationList;
			buildConfigurations = (
				15E9A6409E50B19988E186D9 /* Debug */,
				A40E21588FE00CAE33135BC6 /* Release */,
			);
			defaultConfigurationIsVisible = 0;
			defaultConfigurationName = Debug;
		};
		6FA49C1576AA58B6AE45F5C1 /* Build configuration list for PBXProject "TimeMenubar" */ = {
			isa = XCConfigurationList;
			buildConfigurations = (
				EACE207027B5F36BA06D43BD /* Debug */,
				07165C6D8FD7DE313DD988C3 /* Release */,
			);
			defaultConfigurationIsVisible = 0;
			defaultConfigurationName = Debug;
		};
/* End XCConfigurationList section */
	};
	rootObject = 6032DEC4B382F27FA5BD5D38 /* Project object */;
}
